<?xml version="1.0" encoding="utf-8"?>
<Project ToolsVersion="14.0" xmlns="http://schemas.microsoft.com/developer/msbuild/2003">
  <ItemGroup>
    <ClCompile Include="D:\gamesource\libpng-libpng16\png.c">
      <Filter>Source Files</Filter>
    </ClCompile>
    <ClCompile Include="D:\gamesource\libpng-libpng16\pngerror.c">
      <Filter>Source Files</Filter>
    </ClCompile>
    <ClCompile Include="D:\gamesource\libpng-libpng16\pngget.c">
      <Filter>Source Files</Filter>
    </ClCompile>
    <ClCompile Include="D:\gamesource\libpng-libpng16\pngmem.c">
      <Filter>Source Files</Filter>
    </ClCompile>
    <ClCompile Include="D:\gamesource\libpng-libpng16\pngpread.c">
      <Filter>Source Files</Filter>
    </ClCompile>
    <ClCompile Include="D:\gamesource\libpng-libpng16\pngread.c">
      <Filter>Source Files</Filter>
    </ClCompile>
    <ClCompile Include="D:\gamesource\libpng-libpng16\pngrio.c">
      <Filter>Source Files</Filter>
    </ClCompile>
    <ClCompile Include="D:\gamesource\libpng-libpng16\pngrtran.c">
      <Filter>Source Files</Filter>
    </ClCompile>
    <ClCompile Include="D:\gamesource\libpng-libpng16\pngrutil.c">
      <Filter>Source Files</Filter>
    </ClCompile>
    <ClCompile Include="D:\gamesource\libpng-libpng16\pngset.c">
      <Filter>Source Files</Filter>
    </ClCompile>
    <ClCompile Include="D:\gamesource\libpng-libpng16\pngtrans.c">
      <Filter>Source Files</Filter>
    </ClCompile>
    <ClCompile Include="D:\gamesource\libpng-libpng16\pngwio.c">
      <Filter>Source Files</Filter>
    </ClCompile>
    <ClCompile Include="D:\gamesource\libpng-libpng16\pngwrite.c">
      <Filter>Source Files</Filter>
    </ClCompile>
    <ClCompile Include="D:\gamesource\libpng-libpng16\pngwtran.c">
      <Filter>Source Files</Filter>
    </ClCompile>
    <ClCompile Include="D:\gamesource\libpng-libpng16\pngwutil.c">
      <Filter>Source Files</Filter>
    </ClCompile>
  </ItemGroup>
  <ItemGroup>
    <ClInclude Include="D:\gamesource\libpng-libpng16\png.h">
      <Filter>Header Files</Filter>
    </ClInclude>
    <ClInclude Include="D:\gamesource\libpng-libpng16\pngconf.h">
      <Filter>Header Files</Filter>
    </ClInclude>
    <ClInclude Include="D:\gamesource\libpng-libpng16\pnglibconf.h">
      <Filter>Header Files</Filter>
    </ClInclude>
    <ClInclude Include="D:\gamesource\libpng-libpng16\pngpriv.h">
      <Filter>Header Files</Filter>
    </ClInclude>
    <ClInclude Include="D:\gamesource\libpng-libpng16\pngdebug.h">
      <Filter>Header Files</Filter>
    </ClInclude>
    <ClInclude Include="D:\gamesource\libpng-libpng16\pnginfo.h">
      <Filter>Header Files</Filter>
    </ClInclude>
    <ClInclude Include="D:\gamesource\libpng-libpng16\pngstruct.h">
      <Filter>Header Files</Filter>
    </ClInclude>
  </ItemGroup>
  <ItemGroup>
    <CustomBuild Include="D:\gamesource\libpng-libpng16\CMakeLists.txt" />
  </ItemGroup>
  <ItemGroup>
    <Filter Include="Header Files">
      <UniqueIdentifier>{C3273690-1E28-3DDD-BFD9-BD71B7813FC6}</UniqueIdentifier>
    </Filter>
    <Filter Include="Source Files">
      <UniqueIdentifier>{21EED4E1-E23E-3DE0-B077-6B0B9418E844}</UniqueIdentifier>
    </Filter>
  </ItemGroup>
</Project>
